
Microsoft Visual Studio Solution File, Format Version 12.00
# Visual Studio 14
VisualStudioVersion = 14.0.25123.0
MinimumVisualStudioVersion = 10.0.40219.1
Project("{FAE04EC0-301F-11D3-BF4B-00C04F79EFBC}") = "BankAccountProject", "BankAccountProject\BankAccountProject.csproj", "{AC82CC43-8BE0-482B-AE8E-BC805FE1F9BE}"
EndProject
Global
	GlobalSection(SolutionConfigurationPlatforms) = preSolution
		Debug|Any CPU = Debug|Any CPU
		Release|Any CPU = Release|Any CPU
	EndGlobalSection
	GlobalSection(ProjectConfigurationPlatforms) = postSolution
		{AC82CC43-8BE0-482B-AE8E-BC805FE1F9BE}.Debug|Any CPU.ActiveCfg = Debug|Any CPU
		{AC82CC43-8BE0-482B-AE8E-BC805FE1F9BE}.Debug|Any CPU.Build.0 = Debug|Any CPU
		{AC82CC43-8BE0-482B-AE8E-BC805FE1F9BE}.Release|Any CPU.ActiveCfg = Release|Any CPU
		{AC82CC43-8BE0-482B-AE8E-BC805FE1F9BE}.Release|Any CPU.Build.0 = Release|Any CPU
	EndGlobalSection
	GlobalSection(SolutionProperties) = preSolution
		HideSolutionNode = FALSE
	EndGlobalSection
EndGlobal
